
Microsoft Visual Studio Solution File, Format Version 12.00
# Visual Studio Version 17
VisualStudioVersion = 17.7.34031.279
MinimumVisualStudioVersion = 10.0.40219.1
Project("{8BC9CEB8-8B4A-11D0-8D11-00A0C91BC942}") = "Seminar02_SDD_TomescuMiruna", "Seminar02_SDD_TomescuMiruna.vcxproj", "{3EFAC23E-D8C5-412D-9A36-381C949E4634}"
EndProject
Global
	GlobalSection(SolutionConfigurationPlatforms) = preSolution
		Debug|x64 = Debug|x64
		Debug|x86 = Debug|x86
		Release|x64 = Release|x64
		Release|x86 = Release|x86
	EndGlobalSection
	GlobalSection(ProjectConfigurationPlatforms) = postSolution
		{3EFAC23E-D8C5-412D-9A36-381C949E4634}.Debug|x64.ActiveCfg = Debug|x64
		{3EFAC23E-D8C5-412D-9A36-381C949E4634}.Debug|x64.Build.0 = Debug|x64
		{3EFAC23E-D8C5-412D-9A36-381C949E4634}.Debug|x86.ActiveCfg = Debug|Win32
		{3EFAC23E-D8C5-412D-9A36-381C949E4634}.Debug|x86.Build.0 = Debug|Win32
		{3EFAC23E-D8C5-412D-9A36-381C949E4634}.Release|x64.ActiveCfg = Release|x64
		{3EFAC23E-D8C5-412D-9A36-381C949E4634}.Release|x64.Build.0 = Release|x64
		{3EFAC23E-D8C5-412D-9A36-381C949E4634}.Release|x86.ActiveCfg = Release|Win32
		{3EFAC23E-D8C5-412D-9A36-381C949E4634}.Release|x86.Build.0 = Release|Win32
	EndGlobalSection
	GlobalSection(SolutionProperties) = preSolution
		HideSolutionNode = FALSE
	EndGlobalSection
	GlobalSection(ExtensibilityGlobals) = postSolution
		SolutionGuid = {74DAB65E-DAB7-4A29-BC1A-FF43E7213DBD}
	EndGlobalSection
EndGlobal
